
Microsoft Visual Studio Solution File, Format Version 12.00
# Visual Studio Version 17
VisualStudioVersion = 17.7.34221.43
MinimumVisualStudioVersion = 10.0.40219.1
Project("{8BC9CEB8-8B4A-11D0-8D11-00A0C91BC942}") = "student", "student.vcxproj", "{43F307EF-D2F7-4FE1-B868-1D94E29C939C}"
EndProject
Global
	GlobalSection(SolutionConfigurationPlatforms) = preSolution
		Debug|x64 = Debug|x64
		Debug|x86 = Debug|x86
		Release|x64 = Release|x64
		Release|x86 = Release|x86
	EndGlobalSection
	GlobalSection(ProjectConfigurationPlatforms) = postSolution
		{43F307EF-D2F7-4FE1-B868-1D94E29C939C}.Debug|x64.ActiveCfg = Debug|x64
		{43F307EF-D2F7-4FE1-B868-1D94E29C939C}.Debug|x64.Build.0 = Debug|x64
		{43F307EF-D2F7-4FE1-B868-1D94E29C939C}.Debug|x86.ActiveCfg = Debug|Win32
		{43F307EF-D2F7-4FE1-B868-1D94E29C939C}.Debug|x86.Build.0 = Debug|Win32
		{43F307EF-D2F7-4FE1-B868-1D94E29C939C}.Release|x64.ActiveCfg = Release|x64
		{43F307EF-D2F7-4FE1-B868-1D94E29C939C}.Release|x64.Build.0 = Release|x64
		{43F307EF-D2F7-4FE1-B868-1D94E29C939C}.Release|x86.ActiveCfg = Release|Win32
		{43F307EF-D2F7-4FE1-B868-1D94E29C939C}.Release|x86.Build.0 = Release|Win32
	EndGlobalSection
	GlobalSection(SolutionProperties) = preSolution
		HideSolutionNode = FALSE
	EndGlobalSection
	GlobalSection(ExtensibilityGlobals) = postSolution
		SolutionGuid = {3174AD15-9439-4D2B-93D0-0EF64BA88CCC}
	EndGlobalSection
EndGlobal
